<?xml version="1.0" encoding="UTF-8" standalone="yes" ?>
<CodeBlocks_project_file>
	<FileVersion major="1" minor="6" />
	<Project>
		<Option title="CExamples" />
		<Option pch_mode="2" />
		<Option compiler="gcc" />
		<Build>
			<Target title="Debug">
				<Option output="bin/Debug/CExamples" prefix_auto="1" extension_auto="1" />
				<Option object_output="obj/Debug/" />
				<Option type="1" />
				<Option compiler="gcc" />
				<Compiler>
					<Add option="-g" />
				</Compiler>
			</Target>
			<Target title="Release">
				<Option output="bin/Release/CExamples" prefix_auto="1" extension_auto="1" />
				<Option object_output="obj/Release/" />
				<Option type="1" />
				<Option compiler="gcc" />
				<Compiler>
					<Add option="-O2" />
				</Compiler>
				<Linker>
					<Add option="-s" />
				</Linker>
			</Target>
		</Build>
		<Compiler>
			<Add option="-Wall" />
		</Compiler>
		<Unit filename="examples/binarySearch.c">
			<Option compilerVar="CC" />
		</Unit>
		<Unit filename="examples/binarySearch.h" />
		<Unit filename="examples/fileExample.c">
			<Option compilerVar="CC" />
		</Unit>
		<Unit filename="examples/fileExample.h" />
		<Unit filename="examples/includes.h" />
		<Unit filename="examples/linkedListExamples.c">
			<Option compilerVar="CC" />
		</Unit>
		<Unit filename="examples/linkedListExamples.h" />
		<Unit filename="examples/loops.c">
			<Option compilerVar="CC" />
		</Unit>
		<Unit filename="examples/loops.h" />
		<Unit filename="examples/memoryExamples.c">
			<Option compilerVar="CC" />
		</Unit>
		<Unit filename="examples/memoryExamples.h" />
		<Unit filename="examples/operators.c">
			<Option compilerVar="CC" />
		</Unit>
		<Unit filename="examples/operators.h" />
		<Unit filename="examples/pointerExamples.c">
			<Option compilerVar="CC" />
		</Unit>
		<Unit filename="examples/pointerExamples.h" />
		<Unit filename="examples/recursiveExample.c">
			<Option compilerVar="CC" />
		</Unit>
		<Unit filename="examples/recursiveExample.h" />
		<Unit filename="examples/sortExamples.c">
			<Option compilerVar="CC" />
		</Unit>
		<Unit filename="examples/sortExamples.h" />
		<Unit filename="examples/stringExample.c">
			<Option compilerVar="CC" />
		</Unit>
		<Unit filename="examples/stringExample.h" />
		<Unit filename="examples/structExample.c">
			<Option compilerVar="CC" />
		</Unit>
		<Unit filename="examples/structExample.h" />
		<Unit filename="examples/variableSizeOf.c">
			<Option compilerVar="CC" />
		</Unit>
		<Unit filename="examples/variableSizeOf.h" />
		<Unit filename="main.c">
			<Option compilerVar="CC" />
		</Unit>
		<Extensions>
			<code_completion />
			<envvars />
			<debugger />
			<lib_finder disable_auto="1" />
		</Extensions>
	</Project>
</CodeBlocks_project_file>
