<?xml version="1.0" encoding="UTF-8" standalone="yes" ?>
<CodeBlocks_project_file>
	<FileVersion major="1" minor="6" />
	<Project>
		<Option title="CExamples" />
		<Option pch_mode="2" />
		<Option compiler="gcc" />
		<Build>
			<Target title="Debug">
				<Option output="bin/Debug/CExamples" prefix_auto="1" extension_auto="1" />
				<Option object_output="obj/Debug/" />
				<Option type="1" />
				<Option compiler="gcc" />
				<Compiler>
					<Add option="-g" />
				</Compiler>
			</Target>
			<Target title="Release">
				<Option output="bin/Release/CExamples" prefix_auto="1" extension_auto="1" />
				<Option object_output="obj/Release/" />
				<Option type="1" />
				<Option compiler="gcc" />
				<Compiler>
					<Add option="-O2" />
				</Compiler>
				<Linker>
					<Add option="-s" />
				</Linker>
			</Target>
		</Build>
		<Compiler>
			<Add option="-Wall" />
		</Compiler>
		<Unit filename="binarySearch.c">
			<Option compilerVar="CC" />
		</Unit>
		<Unit filename="binarySearch.h" />
		<Unit filename="fileExample.c">
			<Option compilerVar="CC" />
		</Unit>
		<Unit filename="fileExample.h" />
		<Unit filename="loops.c">
			<Option compilerVar="CC" />
		</Unit>
		<Unit filename="loops.h" />
		<Unit filename="main.c">
			<Option compilerVar="CC" />
		</Unit>
		<Unit filename="memoryExamples.c">
			<Option compilerVar="CC" />
		</Unit>
		<Unit filename="memoryExamples.h" />
		<Unit filename="mergeSort.c">
			<Option compilerVar="CC" />
		</Unit>
		<Unit filename="mergeSort.h" />
		<Unit filename="operators.c">
			<Option compilerVar="CC" />
		</Unit>
		<Unit filename="operators.h" />
		<Unit filename="pointerExamples.c">
			<Option compilerVar="CC" />
		</Unit>
		<Unit filename="pointerExamples.h" />
		<Unit filename="recursiveExample.c">
			<Option compilerVar="CC" />
		</Unit>
		<Unit filename="recursiveExample.h" />
		<Unit filename="stringExample.c">
			<Option compilerVar="CC" />
		</Unit>
		<Unit filename="stringExample.h" />
		<Unit filename="structExample.c">
			<Option compilerVar="CC" />
		</Unit>
		<Unit filename="structExample.h" />
		<Unit filename="variableSizeOf.c">
			<Option compilerVar="CC" />
		</Unit>
		<Unit filename="variableSizeOf.h" />
		<Extensions>
			<code_completion />
			<envvars />
			<debugger />
			<lib_finder disable_auto="1" />
		</Extensions>
	</Project>
</CodeBlocks_project_file>
