<?xml version="1.0" encoding="UTF-8" standalone="yes" ?>
<CodeBlocks_project_file>
	<FileVersion major="1" minor="6" />
	<Project>
		<Option title="CExamples" />
		<Option pch_mode="2" />
		<Option compiler="gcc" />
		<Build>
			<Target title="Debug">
				<Option output="bin/Debug/CExamples" prefix_auto="1" extension_auto="1" />
				<Option object_output="obj/Debug/" />
				<Option type="1" />
				<Option compiler="gcc" />
				<Compiler>
					<Add option="-g" />
				</Compiler>
			</Target>
			<Target title="Release">
				<Option output="bin/Release/CExamples" prefix_auto="1" extension_auto="1" />
				<Option object_output="obj/Release/" />
				<Option type="1" />
				<Option compiler="gcc" />
				<Compiler>
					<Add option="-O2" />
				</Compiler>
				<Linker>
					<Add option="-s" />
				</Linker>
			</Target>
		</Build>
		<Compiler>
			<Add option="-Wall" />
		</Compiler>
		<Unit filename="examples/examples-01-operators.c">
			<Option compilerVar="CC" />
		</Unit>
		<Unit filename="examples/examples-01-operators.h" />
		<Unit filename="examples/examples-02-variableSizeOf.c">
			<Option compilerVar="CC" />
		</Unit>
		<Unit filename="examples/examples-02-variableSizeOf.h" />
		<Unit filename="examples/examples-03-loops.c">
			<Option compilerVar="CC" />
		</Unit>
		<Unit filename="examples/examples-03-loops.h" />
		<Unit filename="examples/examples-04-pointerExamples.c">
			<Option compilerVar="CC" />
		</Unit>
		<Unit filename="examples/examples-04-pointerExamples.h" />
		<Unit filename="examples/examples-05-memoryExamples.c">
			<Option compilerVar="CC" />
		</Unit>
		<Unit filename="examples/examples-05-memoryExamples.h" />
		<Unit filename="examples/examples-06-sortExamples.c">
			<Option compilerVar="CC" />
		</Unit>
		<Unit filename="examples/examples-06-sortExamples.h" />
		<Unit filename="examples/examples-07-binarySearch.c">
			<Option compilerVar="CC" />
		</Unit>
		<Unit filename="examples/examples-07-binarySearch.h" />
		<Unit filename="examples/examples-08-recursiveExample.c">
			<Option compilerVar="CC" />
		</Unit>
		<Unit filename="examples/examples-08-recursiveExample.h" />
		<Unit filename="examples/examples-09-stringExample.c">
			<Option compilerVar="CC" />
		</Unit>
		<Unit filename="examples/examples-09-stringExample.h" />
		<Unit filename="examples/examples-10-fileExample.c">
			<Option compilerVar="CC" />
		</Unit>
		<Unit filename="examples/examples-10-fileExample.h" />
		<Unit filename="examples/examples-11-structExample.c">
			<Option compilerVar="CC" />
		</Unit>
		<Unit filename="examples/examples-11-structExample.h" />
		<Unit filename="examples/examples-12-linkedListExamples.c">
			<Option compilerVar="CC" />
		</Unit>
		<Unit filename="examples/examples-12-linkedListExamples.h" />
		<Unit filename="examples/examples-13-circularLinkedList.c">
			<Option compilerVar="CC" />
		</Unit>
		<Unit filename="examples/examples-13-circularLinkedList.h" />
		<Unit filename="examples/examples-14-stackWithPointers.c">
			<Option compilerVar="CC" />
		</Unit>
		<Unit filename="examples/examples-14-stackWithPointers.h" />
		<Unit filename="examples/examples-15-stackWithLinkedLists.c">
			<Option compilerVar="CC" />
		</Unit>
		<Unit filename="examples/examples-15-stackWithLinkedLists.h" />
		<Unit filename="examples/includes.h" />
		<Unit filename="main.c">
			<Option compilerVar="CC" />
		</Unit>
		<Extensions>
			<code_completion />
			<envvars />
			<debugger />
			<lib_finder disable_auto="1" />
		</Extensions>
	</Project>
</CodeBlocks_project_file>
